# This file was auto-generated by pip-compile
# To update, run: pip-compile --output-file=requirements.lock pyproject.toml
#
# Note: This is a placeholder lock file. Generate actual locked versions with:
#   pip-compile --resolver=backtracking -o requirements.lock pyproject.toml
#
# For reproducible builds, install from this file:
#   pip install -r requirements.lock

# Core dependencies (pinned versions for reproducibility)
# =======================================================

# GenAI and NLP
sentence-transformers==2.2.2
openai==1.12.0
chromadb==0.4.22
langchain==0.1.5
transformers==4.37.2
torch==2.2.0
tiktoken==0.5.2

# Transitive dependencies will be added when running pip-compile
# Run the following command to generate a complete lock file:
#
#   pip-compile --resolver=backtracking --output-file=requirements.lock pyproject.toml
